// !$*UTF8*$!
{
	archiveVersion = 1;
	classes = {
	};
	objectVersion = 50;
	objects = {

/* Begin PBXBuildFile section */
		C6FFE59A24D09ADB00D3FD7A /* AppDelegate.swift in Sources */ = {isa = PBXBuildFile; fileRef = C6FFE59924D09ADB00D3FD7A /* AppDelegate.swift */; };
		C6FFE59C24D09ADB00D3FD7A /* ContentView.swift in Sources */ = {isa = PBXBuildFile; fileRef = C6FFE59B24D09ADB00D3FD7A /* ContentView.swift */; };
		C6FFE59E24D09ADE00D3FD7A /* Assets.xcassets in Resources */ = {isa = PBXBuildFile; fileRef = C6FFE59D24D09ADE00D3FD7A /* Assets.xcassets */; };
		C6FFE5A124D09ADE00D3FD7A /* Preview Assets.xcassets in Resources */ = {isa = PBXBuildFile; fileRef = C6FFE5A024D09ADE00D3FD7A /* Preview Assets.xcassets */; };
		C6FFE5A424D09ADE00D3FD7A /* Main.storyboard in Resources */ = {isa = PBXBuildFile; fileRef = C6FFE5A224D09ADE00D3FD7A /* Main.storyboard */; };
/* End PBXBuildFile section */

/* Begin PBXFileReference section */
		C6FFE59624D09ADB00D3FD7A /* Pomidor.app */ = {isa = PBXFileReference; explicitFileType = wrapper.application; includeInIndex = 0; path = Pomidor.app; sourceTree = BUILT_PRODUCTS_DIR; };
		C6FFE59924D09ADB00D3FD7A /* AppDelegate.swift */ = {isa = PBXFileReference; lastKnownFileType = sourcecode.swift; path = AppDelegate.swift; sourceTree = "<group>"; };
		C6FFE59B24D09ADB00D3FD7A /* ContentView.swift */ = {isa = PBXFileReference; lastKnownFileType = sourcecode.swift; path = ContentView.swift; sourceTree = "<group>"; };
		C6FFE59D24D09ADE00D3FD7A /* Assets.xcassets */ = {isa = PBXFileReference; lastKnownFileType = folder.assetcatalog; path = Assets.xcassets; sourceTree = "<group>"; };
		C6FFE5A024D09ADE00D3FD7A /* Preview Assets.xcassets */ = {isa = PBXFileReference; lastKnownFileType = folder.assetcatalog; path = "Preview Assets.xcassets"; sourceTree = "<group>"; };
		C6FFE5A324D09ADE00D3FD7A /* Base */ = {isa = PBXFileReference; lastKnownFileType = file.storyboard; name = Base; path = Base.lproj/Main.storyboard; sourceTree = "<group>"; };
		C6FFE5A524D09ADE00D3FD7A /* Info.plist */ = {isa = PBXFileReference; lastKnownFileType = text.plist.xml; path = Info.plist; sourceTree = "<group>"; };
		C6FFE5A624D09ADE00D3FD7A /* Pomidor.entitlements */ = {isa = PBXFileReference; lastKnownFileType = text.plist.entitlements; path = Pomidor.entitlements; sourceTree = "<group>"; };
/* End PBXFileReference section */

/* Begin PBXFrameworksBuildPhase section */
		C6FFE59324D09ADB00D3FD7A /* Frameworks */ = {
			isa = PBXFrameworksBuildPhase;
			buildActionMask = 2147483647;
			files = (
			);
			runOnlyForDeploymentPostprocessing = 0;
		};
/* End PBXFrameworksBuildPhase section */

/* Begin PBXGroup section */
		C6FFE58D24D09ADB00D3FD7A = {
			isa = PBXGroup;
			children = (
				C6FFE59824D09ADB00D3FD7A /* Pomidor */,
				C6FFE59724D09ADB00D3FD7A /* Products */,
			);
			sourceTree = "<group>";
		};
		C6FFE59724D09ADB00D3FD7A /* Products */ = {
			isa = PBXGroup;
			children = (
				C6FFE59624D09ADB00D3FD7A /* Pomidor.app */,
			);
			name = Products;
			sourceTree = "<group>";
		};
		C6FFE59824D09ADB00D3FD7A /* Pomidor */ = {
			isa = PBXGroup;
			children = (
				C6FFE59924D09ADB00D3FD7A /* AppDelegate.swift */,
				C6FFE59B24D09ADB00D3FD7A /* ContentView.swift */,
				C6FFE59D24D09ADE00D3FD7A /* Assets.xcassets */,
				C6FFE5A224D09ADE00D3FD7A /* Main.storyboard */,
				C6FFE5A524D09ADE00D3FD7A /* Info.plist */,
				C6FFE5A624D09ADE00D3FD7A /* Pomidor.entitlements */,
				C6FFE59F24D09ADE00D3FD7A /* Preview Content */,
			);
			path = Pomidor;
			sourceTree = "<group>";
		};
		C6FFE59F24D09ADE00D3FD7A /* Preview Content */ = {
			isa = PBXGroup;
			children = (
				C6FFE5A024D09ADE00D3FD7A /* Preview Assets.xcassets */,
			);
			path = "Preview Content";
			sourceTree = "<group>";
		};
/* End PBXGroup section */

/* Begin PBXNativeTarget section */
		C6FFE59524D09ADB00D3FD7A /* Pomidor */ = {
			isa = PBXNativeTarget;
			buildConfigurationList = C6FFE5A924D09ADE00D3FD7A /* Build configuration list for PBXNativeTarget "Pomidor" */;
			buildPhases = (
				C6FFE59224D09ADB00D3FD7A /* Sources */,
				C6FFE59324D09ADB00D3FD7A /* Frameworks */,
				C6FFE59424D09ADB00D3FD7A /* Resources */,
			);
			buildRules = (
			);
			dependencies = (
			);
			name = Pomidor;
			productName = Pomidor;
			productReference = C6FFE59624D09ADB00D3FD7A /* Pomidor.app */;
			productType = "com.apple.product-type.application";
		};
/* End PBXNativeTarget section */

/* Begin PBXProject section */
		C6FFE58E24D09ADB00D3FD7A /* Project object */ = {
			isa = PBXProject;
			attributes = {
				LastSwiftUpdateCheck = 1130;
				LastUpgradeCheck = 1130;
				ORGANIZATIONNAME = "Danilo Lekovic";
				TargetAttributes = {
					C6FFE59524D09ADB00D3FD7A = {
						CreatedOnToolsVersion = 11.3.1;
					};
				};
			};
			buildConfigurationList = C6FFE59124D09ADB00D3FD7A /* Build configuration list for PBXProject "Pomidor" */;
			compatibilityVersion = "Xcode 9.3";
			developmentRegion = en;
			hasScannedForEncodings = 0;
			knownRegions = (
				en,
				Base,
			);
			mainGroup = C6FFE58D24D09ADB00D3FD7A;
			productRefGroup = C6FFE59724D09ADB00D3FD7A /* Products */;
			projectDirPath = "";
			projectRoot = "";
			targets = (
				C6FFE59524D09ADB00D3FD7A /* Pomidor */,
			);
		};
/* End PBXProject section */

/* Begin PBXResourcesBuildPhase section */
		C6FFE59424D09ADB00D3FD7A /* Resources */ = {
			isa = PBXResourcesBuildPhase;
			buildActionMask = 2147483647;
			files = (
				C6FFE5A424D09ADE00D3FD7A /* Main.storyboard in Resources */,
				C6FFE5A124D09ADE00D3FD7A /* Preview Assets.xcassets in Resources */,
				C6FFE59E24D09ADE00D3FD7A /* Assets.xcassets in Resources */,
			);
			runOnlyForDeploymentPostprocessing = 0;
		};
/* End PBXResourcesBuildPhase section */

/* Begin PBXSourcesBuildPhase section */
		C6FFE59224D09ADB00D3FD7A /* Sources */ = {
			isa = PBXSourcesBuildPhase;
			buildActionMask = 2147483647;
			files = (
				C6FFE59C24D09ADB00D3FD7A /* ContentView.swift in Sources */,
				C6FFE59A24D09ADB00D3FD7A /* AppDelegate.swift in Sources */,
			);
			runOnlyForDeploymentPostprocessing = 0;
		};
/* End PBXSourcesBuildPhase section */

/* Begin PBXVariantGroup section */
		C6FFE5A224D09ADE00D3FD7A /* Main.storyboard */ = {
			isa = PBXVariantGroup;
			children = (
				C6FFE5A324D09ADE00D3FD7A /* Base */,
			);
			name = Main.storyboard;
			sourceTree = "<group>";
		};
/* End PBXVariantGroup section */

/* Begin XCBuildConfiguration section */
		C6FFE5A724D09ADE00D3FD7A /* Debug */ = {
			isa = XCBuildConfiguration;
			buildSettings = {
				ALWAYS_SEARCH_USER_PATHS = NO;
				CLANG_ANALYZER_NONNULL = YES;
				CLANG_ANALYZER_NUMBER_OBJECT_CONVERSION = YES_AGGRESSIVE;
				CLANG_CXX_LANGUAGE_STANDARD = "gnu++14";
				CLANG_CXX_LIBRARY = "libc++";
				CLANG_ENABLE_MODULES = YES;
				CLANG_ENABLE_OBJC_ARC = YES;
				CLANG_ENABLE_OBJC_WEAK = YES;
				CLANG_WARN_BLOCK_CAPTURE_AUTORELEASING = YES;
				CLANG_WARN_BOOL_CONVERSION = YES;
				CLANG_WARN_COMMA = YES;
				CLANG_WARN_CONSTANT_CONVERSION = YES;
				CLANG_WARN_DEPRECATED_OBJC_IMPLEMENTATIONS = YES;
				CLANG_WARN_DIRECT_OBJC_ISA_USAGE = YES_ERROR;
				CLANG_WARN_DOCUMENTATION_COMMENTS = YES;
				CLANG_WARN_EMPTY_BODY = YES;
				CLANG_WARN_ENUM_CONVERSION = YES;
				CLANG_WARN_INFINITE_RECURSION = YES;
				CLANG_WARN_INT_CONVERSION = YES;
				CLANG_WARN_NON_LITERAL_NULL_CONVERSION = YES;
				CLANG_WARN_OBJC_IMPLICIT_RETAIN_SELF = YES;
				CLANG_WARN_OBJC_LITERAL_CONVERSION = YES;
				CLANG_WARN_OBJC_ROOT_CLASS = YES_ERROR;
				CLANG_WARN_RANGE_LOOP_ANALYSIS = YES;
				CLANG_WARN_STRICT_PROTOTYPES = YES;
				CLANG_WARN_SUSPICIOUS_MOVE = YES;
				CLANG_WARN_UNGUARDED_AVAILABILITY = YES_AGGRESSIVE;
				CLANG_WARN_UNREACHABLE_CODE = YES;
				CLANG_WARN__DUPLICATE_METHOD_MATCH = YES;
				COPY_PHASE_STRIP = NO;
				DEBUG_INFORMATION_FORMAT = dwarf;
				ENABLE_STRICT_OBJC_MSGSEND = YES;
				ENABLE_TESTABILITY = YES;
				GCC_C_LANGUAGE_STANDARD = gnu11;
				GCC_DYNAMIC_NO_PIC = NO;
				GCC_NO_COMMON_BLOCKS = YES;
				GCC_OPTIMIZATION_LEVEL = 0;
				GCC_PREPROCESSOR_DEFINITIONS = (
					"DEBUG=1",
					"$(inherited)",
				);
				GCC_WARN_64_TO_32_BIT_CONVERSION = YES;
				GCC_WARN_ABOUT_RETURN_TYPE = YES_ERROR;
				GCC_WARN_UNDECLARED_SELECTOR = YES;
				GCC_WARN_UNINITIALIZED_AUTOS = YES_AGGRESSIVE;
				GCC_WARN_UNUSED_FUNCTION = YES;
				GCC_WARN_UNUSED_VARIABLE = YES;
				MACOSX_DEPLOYMENT_TARGET = 10.15;
				MTL_ENABLE_DEBUG_INFO = INCLUDE_SOURCE;
				MTL_FAST_MATH = YES;
				ONLY_ACTIVE_ARCH = YES;
				SDKROOT = macosx;
				SWIFT_ACTIVE_COMPILATION_CONDITIONS = DEBUG;
				SWIFT_OPTIMIZATION_LEVEL = "-Onone";
			};
			name = Debug;
		};
		C6FFE5A824D09ADE00D3FD7A /* Release */ = {
			isa = XCBuildConfiguration;
			buildSettings = {
				ALWAYS_SEARCH_USER_PATHS = NO;
				CLANG_ANALYZER_NONNULL = YES;
				CLANG_ANALYZER_NUMBER_OBJECT_CONVERSION = YES_AGGRESSIVE;
				CLANG_CXX_LANGUAGE_STANDARD = "gnu++14";
				CLANG_CXX_LIBRARY = "libc++";
				CLANG_ENABLE_MODULES = YES;
				CLANG_ENABLE_OBJC_ARC = YES;
				CLANG_ENABLE_OBJC_WEAK = YES;
				CLANG_WARN_BLOCK_CAPTURE_AUTORELEASING = YES;
				CLANG_WARN_BOOL_CONVERSION = YES;
				CLANG_WARN_COMMA = YES;
				CLANG_WARN_CONSTANT_CONVERSION = YES;
				CLANG_WARN_DEPRECATED_OBJC_IMPLEMENTATIONS = YES;
				CLANG_WARN_DIRECT_OBJC_ISA_USAGE = YES_ERROR;
				CLANG_WARN_DOCUMENTATION_COMMENTS = YES;
				CLANG_WARN_EMPTY_BODY = YES;
				CLANG_WARN_ENUM_CONVERSION = YES;
				CLANG_WARN_INFINITE_RECURSION = YES;
				CLANG_WARN_INT_CONVERSION = YES;
				CLANG_WARN_NON_LITERAL_NULL_CONVERSION = YES;
				CLANG_WARN_OBJC_IMPLICIT_RETAIN_SELF = YES;
				CLANG_WARN_OBJC_LITERAL_CONVERSION = YES;
				CLANG_WARN_OBJC_ROOT_CLASS = YES_ERROR;
				CLANG_WARN_RANGE_LOOP_ANALYSIS = YES;
				CLANG_WARN_STRICT_PROTOTYPES = YES;
				CLANG_WARN_SUSPICIOUS_MOVE = YES;
				CLANG_WARN_UNGUARDED_AVAILABILITY = YES_AGGRESSIVE;
				CLANG_WARN_UNREACHABLE_CODE = YES;
				CLANG_WARN__DUPLICATE_METHOD_MATCH = YES;
				COPY_PHASE_STRIP = NO;
				DEBUG_INFORMATION_FORMAT = "dwarf-with-dsym";
				ENABLE_NS_ASSERTIONS = NO;
				ENABLE_STRICT_OBJC_MSGSEND = YES;
				GCC_C_LANGUAGE_STANDARD = gnu11;
				GCC_NO_COMMON_BLOCKS = YES;
				GCC_WARN_64_TO_32_BIT_CONVERSION = YES;
				GCC_WARN_ABOUT_RETURN_TYPE = YES_ERROR;
				GCC_WARN_UNDECLARED_SELECTOR = YES;
				GCC_WARN_UNINITIALIZED_AUTOS = YES_AGGRESSIVE;
				GCC_WARN_UNUSED_FUNCTION = YES;
				GCC_WARN_UNUSED_VARIABLE = YES;
				MACOSX_DEPLOYMENT_TARGET = 10.15;
				MTL_ENABLE_DEBUG_INFO = NO;
				MTL_FAST_MATH = YES;
				SDKROOT = macosx;
				SWIFT_COMPILATION_MODE = wholemodule;
				SWIFT_OPTIMIZATION_LEVEL = "-O";
			};
			name = Release;
		};
		C6FFE5AA24D09ADE00D3FD7A /* Debug */ = {
			isa = XCBuildConfiguration;
			buildSettings = {
				ASSETCATALOG_COMPILER_APPICON_NAME = AppIcon;
				CODE_SIGN_ENTITLEMENTS = Pomidor/Pomidor.entitlements;
				CODE_SIGN_STYLE = Automatic;
				COMBINE_HIDPI_IMAGES = YES;
				DEVELOPMENT_ASSET_PATHS = "\"Pomidor/Preview Content\"";
				ENABLE_PREVIEWS = YES;
				INFOPLIST_FILE = Pomidor/Info.plist;
				LD_RUNPATH_SEARCH_PATHS = (
					"$(inherited)",
					"@executable_path/../Frameworks",
				);
				MACOSX_DEPLOYMENT_TARGET = 10.15;
				PRODUCT_BUNDLE_IDENTIFIER = dlekovic.Pomidor;
				PRODUCT_NAME = "$(TARGET_NAME)";
				SWIFT_VERSION = 5.0;
			};
			name = Debug;
		};
		C6FFE5AB24D09ADE00D3FD7A /* Release */ = {
			isa = XCBuildConfiguration;
			buildSettings = {
				ASSETCATALOG_COMPILER_APPICON_NAME = AppIcon;
				CODE_SIGN_ENTITLEMENTS = Pomidor/Pomidor.entitlements;
				CODE_SIGN_STYLE = Automatic;
				COMBINE_HIDPI_IMAGES = YES;
				DEVELOPMENT_ASSET_PATHS = "\"Pomidor/Preview Content\"";
				ENABLE_PREVIEWS = YES;
				INFOPLIST_FILE = Pomidor/Info.plist;
				LD_RUNPATH_SEARCH_PATHS = (
					"$(inherited)",
					"@executable_path/../Frameworks",
				);
				MACOSX_DEPLOYMENT_TARGET = 10.15;
				PRODUCT_BUNDLE_IDENTIFIER = dlekovic.Pomidor;
				PRODUCT_NAME = "$(TARGET_NAME)";
				SWIFT_VERSION = 5.0;
			};
			name = Release;
		};
/* End XCBuildConfiguration section */

/* Begin XCConfigurationList section */
		C6FFE59124D09ADB00D3FD7A /* Build configuration list for PBXProject "Pomidor" */ = {
			isa = XCConfigurationList;
			buildConfigurations = (
				C6FFE5A724D09ADE00D3FD7A /* Debug */,
				C6FFE5A824D09ADE00D3FD7A /* Release */,
			);
			defaultConfigurationIsVisible = 0;
			defaultConfigurationName = Release;
		};
		C6FFE5A924D09ADE00D3FD7A /* Build configuration list for PBXNativeTarget "Pomidor" */ = {
			isa = XCConfigurationList;
			buildConfigurations = (
				C6FFE5AA24D09ADE00D3FD7A /* Debug */,
				C6FFE5AB24D09ADE00D3FD7A /* Release */,
			);
			defaultConfigurationIsVisible = 0;
			defaultConfigurationName = Release;
		};
/* End XCConfigurationList section */
	};
	rootObject = C6FFE58E24D09ADB00D3FD7A /* Project object */;
}
